// !$*UTF8*$!
{
	archiveVersion = 1;
	classes = {
	};
	objectVersion = 46;
	objects = {

/* Begin PBXBuildFile section */
		D247AD1C1CA0F56F004D64C7 /* AutoLayout.framework in Frameworks */ = {isa = PBXBuildFile; fileRef = D247AD191CA0F54E004D64C7 /* AutoLayout.framework */; };
		D24DD73B1C9E47620060A9A6 /* TextFieldTableViewCell.framework in Frameworks */ = {isa = PBXBuildFile; fileRef = D24DD7301C9E47620060A9A6 /* TextFieldTableViewCell.framework */; };
		D24DD7401C9E47620060A9A6 /* TextFieldTableViewCellTests.swift in Sources */ = {isa = PBXBuildFile; fileRef = D24DD73F1C9E47620060A9A6 /* TextFieldTableViewCellTests.swift */; };
		D2D6AC591C9F93BB00FA450A /* TextFieldTableViewCell.swift in Sources */ = {isa = PBXBuildFile; fileRef = D2D6AC581C9F93BB00FA450A /* TextFieldTableViewCell.swift */; };
/* End PBXBuildFile section */

/* Begin PBXContainerItemProxy section */
		D247AD181CA0F54E004D64C7 /* PBXContainerItemProxy */ = {
			isa = PBXContainerItemProxy;
			containerPortal = D247AD131CA0F54D004D64C7 /* AutoLayout.xcodeproj */;
			proxyType = 2;
			remoteGlobalIDString = D2D6AC661CA0927200FA450A;
			remoteInfo = AutoLayout;
		};
		D247AD1A1CA0F54E004D64C7 /* PBXContainerItemProxy */ = {
			isa = PBXContainerItemProxy;
			containerPortal = D247AD131CA0F54D004D64C7 /* AutoLayout.xcodeproj */;
			proxyType = 2;
			remoteGlobalIDString = D2D6AC701CA0927300FA450A;
			remoteInfo = AutoLayoutTests;
		};
		D24DD73C1C9E47620060A9A6 /* PBXContainerItemProxy */ = {
			isa = PBXContainerItemProxy;
			containerPortal = D24DD7271C9E47620060A9A6 /* Project object */;
			proxyType = 1;
			remoteGlobalIDString = D24DD72F1C9E47620060A9A6;
			remoteInfo = TextFieldTableViewCell;
		};
/* End PBXContainerItemProxy section */

/* Begin PBXFileReference section */
		D247AD131CA0F54D004D64C7 /* AutoLayout.xcodeproj */ = {isa = PBXFileReference; lastKnownFileType = "wrapper.pb-project"; name = AutoLayout.xcodeproj; path = ../AutoLayout/AutoLayout.xcodeproj; sourceTree = "<group>"; };
		D24DD7301C9E47620060A9A6 /* TextFieldTableViewCell.framework */ = {isa = PBXFileReference; explicitFileType = wrapper.framework; includeInIndex = 0; path = TextFieldTableViewCell.framework; sourceTree = BUILT_PRODUCTS_DIR; };
		D24DD7351C9E47620060A9A6 /* Info.plist */ = {isa = PBXFileReference; lastKnownFileType = text.plist.xml; path = Info.plist; sourceTree = "<group>"; };
		D24DD73A1C9E47620060A9A6 /* TextFieldTableViewCellTests.xctest */ = {isa = PBXFileReference; explicitFileType = wrapper.cfbundle; includeInIndex = 0; path = TextFieldTableViewCellTests.xctest; sourceTree = BUILT_PRODUCTS_DIR; };
		D24DD73F1C9E47620060A9A6 /* TextFieldTableViewCellTests.swift */ = {isa = PBXFileReference; lastKnownFileType = sourcecode.swift; path = TextFieldTableViewCellTests.swift; sourceTree = "<group>"; };
		D24DD7411C9E47620060A9A6 /* Info.plist */ = {isa = PBXFileReference; lastKnownFileType = text.plist.xml; path = Info.plist; sourceTree = "<group>"; };
		D2D6AC581C9F93BB00FA450A /* TextFieldTableViewCell.swift */ = {isa = PBXFileReference; fileEncoding = 4; lastKnownFileType = sourcecode.swift; path = TextFieldTableViewCell.swift; sourceTree = "<group>"; };
		D2D6AC821CA0B3C100FA450A /* README.md */ = {isa = PBXFileReference; fileEncoding = 4; lastKnownFileType = net.daringfireball.markdown; path = README.md; sourceTree = "<group>"; };
/* End PBXFileReference section */

/* Begin PBXFrameworksBuildPhase section */
		D24DD72C1C9E47620060A9A6 /* Frameworks */ = {
			isa = PBXFrameworksBuildPhase;
			buildActionMask = 2147483647;
			files = (
				D247AD1C1CA0F56F004D64C7 /* AutoLayout.framework in Frameworks */,
			);
			runOnlyForDeploymentPostprocessing = 0;
		};
		D24DD7371C9E47620060A9A6 /* Frameworks */ = {
			isa = PBXFrameworksBuildPhase;
			buildActionMask = 2147483647;
			files = (
				D24DD73B1C9E47620060A9A6 /* TextFieldTableViewCell.framework in Frameworks */,
			);
			runOnlyForDeploymentPostprocessing = 0;
		};
/* End PBXFrameworksBuildPhase section */

/* Begin PBXGroup section */
		D247AD0D1CA0F432004D64C7 /* Libraries */ = {
			isa = PBXGroup;
			children = (
				D247AD131CA0F54D004D64C7 /* AutoLayout.xcodeproj */,
			);
			name = Libraries;
			sourceTree = "<group>";
		};
		D247AD141CA0F54D004D64C7 /* Products */ = {
			isa = PBXGroup;
			children = (
				D247AD191CA0F54E004D64C7 /* AutoLayout.framework */,
				D247AD1B1CA0F54E004D64C7 /* AutoLayoutTests.xctest */,
			);
			name = Products;
			sourceTree = "<group>";
		};
		D24DD7261C9E47620060A9A6 = {
			isa = PBXGroup;
			children = (
				D24DD7321C9E47620060A9A6 /* TextFieldTableViewCell */,
				D24DD73E1C9E47620060A9A6 /* TextFieldTableViewCellTests */,
				D247AD0D1CA0F432004D64C7 /* Libraries */,
				D24DD7311C9E47620060A9A6 /* Products */,
				D2D6AC821CA0B3C100FA450A /* README.md */,
			);
			sourceTree = "<group>";
		};
		D24DD7311C9E47620060A9A6 /* Products */ = {
			isa = PBXGroup;
			children = (
				D24DD7301C9E47620060A9A6 /* TextFieldTableViewCell.framework */,
				D24DD73A1C9E47620060A9A6 /* TextFieldTableViewCellTests.xctest */,
			);
			name = Products;
			sourceTree = "<group>";
		};
		D24DD7321C9E47620060A9A6 /* TextFieldTableViewCell */ = {
			isa = PBXGroup;
			children = (
				D2D6AC581C9F93BB00FA450A /* TextFieldTableViewCell.swift */,
				D24DD7351C9E47620060A9A6 /* Info.plist */,
			);
			path = TextFieldTableViewCell;
			sourceTree = "<group>";
		};
		D24DD73E1C9E47620060A9A6 /* TextFieldTableViewCellTests */ = {
			isa = PBXGroup;
			children = (
				D24DD73F1C9E47620060A9A6 /* TextFieldTableViewCellTests.swift */,
				D24DD7411C9E47620060A9A6 /* Info.plist */,
			);
			path = TextFieldTableViewCellTests;
			sourceTree = "<group>";
		};
/* End PBXGroup section */

/* Begin PBXHeadersBuildPhase section */
		D24DD72D1C9E47620060A9A6 /* Headers */ = {
			isa = PBXHeadersBuildPhase;
			buildActionMask = 2147483647;
			files = (
			);
			runOnlyForDeploymentPostprocessing = 0;
		};
/* End PBXHeadersBuildPhase section */

/* Begin PBXNativeTarget section */
		D24DD72F1C9E47620060A9A6 /* TextFieldTableViewCell */ = {
			isa = PBXNativeTarget;
			buildConfigurationList = D24DD7441C9E47620060A9A6 /* Build configuration list for PBXNativeTarget "TextFieldTableViewCell" */;
			buildPhases = (
				D24DD72B1C9E47620060A9A6 /* Sources */,
				D24DD72C1C9E47620060A9A6 /* Frameworks */,
				D24DD72D1C9E47620060A9A6 /* Headers */,
				D24DD72E1C9E47620060A9A6 /* Resources */,
			);
			buildRules = (
			);
			dependencies = (
			);
			name = TextFieldTableViewCell;
			productName = TextFieldTableViewCell;
			productReference = D24DD7301C9E47620060A9A6 /* TextFieldTableViewCell.framework */;
			productType = "com.apple.product-type.framework";
		};
		D24DD7391C9E47620060A9A6 /* TextFieldTableViewCellTests */ = {
			isa = PBXNativeTarget;
			buildConfigurationList = D24DD7471C9E47620060A9A6 /* Build configuration list for PBXNativeTarget "TextFieldTableViewCellTests" */;
			buildPhases = (
				D24DD7361C9E47620060A9A6 /* Sources */,
				D24DD7371C9E47620060A9A6 /* Frameworks */,
				D24DD7381C9E47620060A9A6 /* Resources */,
			);
			buildRules = (
			);
			dependencies = (
				D24DD73D1C9E47620060A9A6 /* PBXTargetDependency */,
			);
			name = TextFieldTableViewCellTests;
			productName = TextFieldTableViewCellTests;
			productReference = D24DD73A1C9E47620060A9A6 /* TextFieldTableViewCellTests.xctest */;
			productType = "com.apple.product-type.bundle.unit-test";
		};
/* End PBXNativeTarget section */

/* Begin PBXProject section */
		D24DD7271C9E47620060A9A6 /* Project object */ = {
			isa = PBXProject;
			attributes = {
				LastSwiftUpdateCheck = 0720;
				LastUpgradeCheck = 0720;
				ORGANIZATIONNAME = "Acani LLC";
				TargetAttributes = {
					D24DD72F1C9E47620060A9A6 = {
						CreatedOnToolsVersion = 7.2.1;
					};
					D24DD7391C9E47620060A9A6 = {
						CreatedOnToolsVersion = 7.2.1;
					};
				};
			};
			buildConfigurationList = D24DD72A1C9E47620060A9A6 /* Build configuration list for PBXProject "TextFieldTableViewCell" */;
			compatibilityVersion = "Xcode 3.2";
			developmentRegion = English;
			hasScannedForEncodings = 0;
			knownRegions = (
				en,
			);
			mainGroup = D24DD7261C9E47620060A9A6;
			productRefGroup = D24DD7311C9E47620060A9A6 /* Products */;
			projectDirPath = "";
			projectReferences = (
				{
					ProductGroup = D247AD141CA0F54D004D64C7 /* Products */;
					ProjectRef = D247AD131CA0F54D004D64C7 /* AutoLayout.xcodeproj */;
				},
			);
			projectRoot = "";
			targets = (
				D24DD72F1C9E47620060A9A6 /* TextFieldTableViewCell */,
				D24DD7391C9E47620060A9A6 /* TextFieldTableViewCellTests */,
			);
		};
/* End PBXProject section */

/* Begin PBXReferenceProxy section */
		D247AD191CA0F54E004D64C7 /* AutoLayout.framework */ = {
			isa = PBXReferenceProxy;
			fileType = wrapper.framework;
			path = AutoLayout.framework;
			remoteRef = D247AD181CA0F54E004D64C7 /* PBXContainerItemProxy */;
			sourceTree = BUILT_PRODUCTS_DIR;
		};
		D247AD1B1CA0F54E004D64C7 /* AutoLayoutTests.xctest */ = {
			isa = PBXReferenceProxy;
			fileType = wrapper.cfbundle;
			path = AutoLayoutTests.xctest;
			remoteRef = D247AD1A1CA0F54E004D64C7 /* PBXContainerItemProxy */;
			sourceTree = BUILT_PRODUCTS_DIR;
		};
/* End PBXReferenceProxy section */

/* Begin PBXResourcesBuildPhase section */
		D24DD72E1C9E47620060A9A6 /* Resources */ = {
			isa = PBXResourcesBuildPhase;
			buildActionMask = 2147483647;
			files = (
			);
			runOnlyForDeploymentPostprocessing = 0;
		};
		D24DD7381C9E47620060A9A6 /* Resources */ = {
			isa = PBXResourcesBuildPhase;
			buildActionMask = 2147483647;
			files = (
			);
			runOnlyForDeploymentPostprocessing = 0;
		};
/* End PBXResourcesBuildPhase section */

/* Begin PBXSourcesBuildPhase section */
		D24DD72B1C9E47620060A9A6 /* Sources */ = {
			isa = PBXSourcesBuildPhase;
			buildActionMask = 2147483647;
			files = (
				D2D6AC591C9F93BB00FA450A /* TextFieldTableViewCell.swift in Sources */,
			);
			runOnlyForDeploymentPostprocessing = 0;
		};
		D24DD7361C9E47620060A9A6 /* Sources */ = {
			isa = PBXSourcesBuildPhase;
			buildActionMask = 2147483647;
			files = (
				D24DD7401C9E47620060A9A6 /* TextFieldTableViewCellTests.swift in Sources */,
			);
			runOnlyForDeploymentPostprocessing = 0;
		};
/* End PBXSourcesBuildPhase section */

/* Begin PBXTargetDependency section */
		D24DD73D1C9E47620060A9A6 /* PBXTargetDependency */ = {
			isa = PBXTargetDependency;
			target = D24DD72F1C9E47620060A9A6 /* TextFieldTableViewCell */;
			targetProxy = D24DD73C1C9E47620060A9A6 /* PBXContainerItemProxy */;
		};
/* End PBXTargetDependency section */

/* Begin XCBuildConfiguration section */
		D24DD7421C9E47620060A9A6 /* Debug */ = {
			isa = XCBuildConfiguration;
			buildSettings = {
				ALWAYS_SEARCH_USER_PATHS = NO;
				CLANG_CXX_LANGUAGE_STANDARD = "gnu++0x";
				CLANG_CXX_LIBRARY = "libc++";
				CLANG_ENABLE_MODULES = YES;
				CLANG_ENABLE_OBJC_ARC = YES;
				CLANG_WARN_BOOL_CONVERSION = YES;
				CLANG_WARN_CONSTANT_CONVERSION = YES;
				CLANG_WARN_DIRECT_OBJC_ISA_USAGE = YES_ERROR;
				CLANG_WARN_EMPTY_BODY = YES;
				CLANG_WARN_ENUM_CONVERSION = YES;
				CLANG_WARN_INT_CONVERSION = YES;
				CLANG_WARN_OBJC_ROOT_CLASS = YES_ERROR;
				CLANG_WARN_UNREACHABLE_CODE = YES;
				CLANG_WARN__DUPLICATE_METHOD_MATCH = YES;
				"CODE_SIGN_IDENTITY[sdk=iphoneos*]" = "iPhone Developer";
				COPY_PHASE_STRIP = NO;
				CURRENT_PROJECT_VERSION = 1;
				DEBUG_INFORMATION_FORMAT = dwarf;
				ENABLE_STRICT_OBJC_MSGSEND = YES;
				ENABLE_TESTABILITY = YES;
				GCC_C_LANGUAGE_STANDARD = gnu99;
				GCC_DYNAMIC_NO_PIC = NO;
				GCC_NO_COMMON_BLOCKS = YES;
				GCC_OPTIMIZATION_LEVEL = 0;
				GCC_PREPROCESSOR_DEFINITIONS = (
					"DEBUG=1",
					"$(inherited)",
				);
				GCC_WARN_64_TO_32_BIT_CONVERSION = YES;
				GCC_WARN_ABOUT_RETURN_TYPE = YES_ERROR;
				GCC_WARN_UNDECLARED_SELECTOR = YES;
				GCC_WARN_UNINITIALIZED_AUTOS = YES_AGGRESSIVE;
				GCC_WARN_UNUSED_FUNCTION = YES;
				GCC_WARN_UNUSED_VARIABLE = YES;
				IPHONEOS_DEPLOYMENT_TARGET = 9.3;
				MTL_ENABLE_DEBUG_INFO = YES;
				ONLY_ACTIVE_ARCH = YES;
				SDKROOT = iphoneos;
				SWIFT_OPTIMIZATION_LEVEL = "-Onone";
				TARGETED_DEVICE_FAMILY = "1,2";
				VERSIONING_SYSTEM = "apple-generic";
				VERSION_INFO_PREFIX = "";
			};
			name = Debug;
		};
		D24DD7431C9E47620060A9A6 /* Release */ = {
			isa = XCBuildConfiguration;
			buildSettings = {
				ALWAYS_SEARCH_USER_PATHS = NO;
				CLANG_CXX_LANGUAGE_STANDARD = "gnu++0x";
				CLANG_CXX_LIBRARY = "libc++";
				CLANG_ENABLE_MODULES = YES;
				CLANG_ENABLE_OBJC_ARC = YES;
				CLANG_WARN_BOOL_CONVERSION = YES;
				CLANG_WARN_CONSTANT_CONVERSION = YES;
				CLANG_WARN_DIRECT_OBJC_ISA_USAGE = YES_ERROR;
				CLANG_WARN_EMPTY_BODY = YES;
				CLANG_WARN_ENUM_CONVERSION = YES;
				CLANG_WARN_INT_CONVERSION = YES;
				CLANG_WARN_OBJC_ROOT_CLASS = YES_ERROR;
				CLANG_WARN_UNREACHABLE_CODE = YES;
				CLANG_WARN__DUPLICATE_METHOD_MATCH = YES;
				"CODE_SIGN_IDENTITY[sdk=iphoneos*]" = "iPhone Developer";
				COPY_PHASE_STRIP = NO;
				CURRENT_PROJECT_VERSION = 1;
				DEBUG_INFORMATION_FORMAT = "dwarf-with-dsym";
				ENABLE_NS_ASSERTIONS = NO;
				ENABLE_STRICT_OBJC_MSGSEND = YES;
				GCC_C_LANGUAGE_STANDARD = gnu99;
				GCC_NO_COMMON_BLOCKS = YES;
				GCC_WARN_64_TO_32_BIT_CONVERSION = YES;
				GCC_WARN_ABOUT_RETURN_TYPE = YES_ERROR;
				GCC_WARN_UNDECLARED_SELECTOR = YES;
				GCC_WARN_UNINITIALIZED_AUTOS = YES_AGGRESSIVE;
				GCC_WARN_UNUSED_FUNCTION = YES;
				GCC_WARN_UNUSED_VARIABLE = YES;
				IPHONEOS_DEPLOYMENT_TARGET = 9.3;
				MTL_ENABLE_DEBUG_INFO = NO;
				SDKROOT = iphoneos;
				TARGETED_DEVICE_FAMILY = "1,2";
				VALIDATE_PRODUCT = YES;
				VERSIONING_SYSTEM = "apple-generic";
				VERSION_INFO_PREFIX = "";
			};
			name = Release;
		};
		D24DD7451C9E47620060A9A6 /* Debug */ = {
			isa = XCBuildConfiguration;
			buildSettings = {
				CLANG_ENABLE_MODULES = YES;
				DEFINES_MODULE = YES;
				DYLIB_COMPATIBILITY_VERSION = 1;
				DYLIB_CURRENT_VERSION = 1;
				DYLIB_INSTALL_NAME_BASE = "@rpath";
				INFOPLIST_FILE = TextFieldTableViewCell/Info.plist;
				INSTALL_PATH = "$(LOCAL_LIBRARY_DIR)/Frameworks";
				LD_RUNPATH_SEARCH_PATHS = "$(inherited) @executable_path/Frameworks @loader_path/Frameworks";
				PRODUCT_BUNDLE_IDENTIFIER = com.acani.TextFieldTableViewCell;
				PRODUCT_NAME = "$(TARGET_NAME)";
				SKIP_INSTALL = YES;
				SWIFT_OPTIMIZATION_LEVEL = "-Onone";
			};
			name = Debug;
		};
		D24DD7461C9E47620060A9A6 /* Release */ = {
			isa = XCBuildConfiguration;
			buildSettings = {
				CLANG_ENABLE_MODULES = YES;
				DEFINES_MODULE = YES;
				DYLIB_COMPATIBILITY_VERSION = 1;
				DYLIB_CURRENT_VERSION = 1;
				DYLIB_INSTALL_NAME_BASE = "@rpath";
				INFOPLIST_FILE = TextFieldTableViewCell/Info.plist;
				INSTALL_PATH = "$(LOCAL_LIBRARY_DIR)/Frameworks";
				LD_RUNPATH_SEARCH_PATHS = "$(inherited) @executable_path/Frameworks @loader_path/Frameworks";
				PRODUCT_BUNDLE_IDENTIFIER = com.acani.TextFieldTableViewCell;
				PRODUCT_NAME = "$(TARGET_NAME)";
				SKIP_INSTALL = YES;
			};
			name = Release;
		};
		D24DD7481C9E47620060A9A6 /* Debug */ = {
			isa = XCBuildConfiguration;
			buildSettings = {
				INFOPLIST_FILE = TextFieldTableViewCellTests/Info.plist;
				LD_RUNPATH_SEARCH_PATHS = "$(inherited) @executable_path/Frameworks @loader_path/Frameworks";
				PRODUCT_BUNDLE_IDENTIFIER = com.acani.TextFieldTableViewCellTests;
				PRODUCT_NAME = "$(TARGET_NAME)";
			};
			name = Debug;
		};
		D24DD7491C9E47620060A9A6 /* Release */ = {
			isa = XCBuildConfiguration;
			buildSettings = {
				INFOPLIST_FILE = TextFieldTableViewCellTests/Info.plist;
				LD_RUNPATH_SEARCH_PATHS = "$(inherited) @executable_path/Frameworks @loader_path/Frameworks";
				PRODUCT_BUNDLE_IDENTIFIER = com.acani.TextFieldTableViewCellTests;
				PRODUCT_NAME = "$(TARGET_NAME)";
			};
			name = Release;
		};
/* End XCBuildConfiguration section */

/* Begin XCConfigurationList section */
		D24DD72A1C9E47620060A9A6 /* Build configuration list for PBXProject "TextFieldTableViewCell" */ = {
			isa = XCConfigurationList;
			buildConfigurations = (
				D24DD7421C9E47620060A9A6 /* Debug */,
				D24DD7431C9E47620060A9A6 /* Release */,
			);
			defaultConfigurationIsVisible = 0;
			defaultConfigurationName = Release;
		};
		D24DD7441C9E47620060A9A6 /* Build configuration list for PBXNativeTarget "TextFieldTableViewCell" */ = {
			isa = XCConfigurationList;
			buildConfigurations = (
				D24DD7451C9E47620060A9A6 /* Debug */,
				D24DD7461C9E47620060A9A6 /* Release */,
			);
			defaultConfigurationIsVisible = 0;
			defaultConfigurationName = Release;
		};
		D24DD7471C9E47620060A9A6 /* Build configuration list for PBXNativeTarget "TextFieldTableViewCellTests" */ = {
			isa = XCConfigurationList;
			buildConfigurations = (
				D24DD7481C9E47620060A9A6 /* Debug */,
				D24DD7491C9E47620060A9A6 /* Release */,
			);
			defaultConfigurationIsVisible = 0;
			defaultConfigurationName = Release;
		};
/* End XCConfigurationList section */
	};
	rootObject = D24DD7271C9E47620060A9A6 /* Project object */;
}
